// !$*UTF8*$!
{
	archiveVersion = 1;
	classes = {
	};
	objectVersion = 50;
	objects = {

/* Begin PBXBuildFile section */
		ACCA4A8C272EFE6F003EBB16 /* AppDelegate.swift in Sources */ = {isa = PBXBuildFile; fileRef = ACCA4A8B272EFE6F003EBB16 /* AppDelegate.swift */; };
		ACCA4A90272EFE6F003EBB16 /* ViewController.swift in Sources */ = {isa = PBXBuildFile; fileRef = ACCA4A8F272EFE6F003EBB16 /* ViewController.swift */; };
		ACCA4A93272EFE6F003EBB16 /* Main.storyboard in Resources */ = {isa = PBXBuildFile; fileRef = ACCA4A91272EFE6F003EBB16 /* Main.storyboard */; };
		ACCA4A95272EFE71003EBB16 /* Assets.xcassets in Resources */ = {isa = PBXBuildFile; fileRef = ACCA4A94272EFE71003EBB16 /* Assets.xcassets */; };
		ACCA4A98272EFE71003EBB16 /* LaunchScreen.storyboard in Resources */ = {isa = PBXBuildFile; fileRef = ACCA4A96272EFE71003EBB16 /* LaunchScreen.storyboard */; };
		ACCA4AA1272EFEB5003EBB16 /* LoginViewController.swift in Sources */ = {isa = PBXBuildFile; fileRef = ACCA4AA0272EFEB5003EBB16 /* LoginViewController.swift */; };
		ACCA4AA627308347003EBB16 /* AgregarViewController.swift in Sources */ = {isa = PBXBuildFile; fileRef = ACCA4AA527308347003EBB16 /* AgregarViewController.swift */; };
		ACCA4AA9273083FA003EBB16 /* Modelo.swift in Sources */ = {isa = PBXBuildFile; fileRef = ACCA4AA8273083FA003EBB16 /* Modelo.swift */; };
/* End PBXBuildFile section */

/* Begin PBXFileReference section */
		ACCA4A88272EFE6F003EBB16 /* app7-login.app */ = {isa = PBXFileReference; explicitFileType = wrapper.application; includeInIndex = 0; path = "app7-login.app"; sourceTree = BUILT_PRODUCTS_DIR; };
		ACCA4A8B272EFE6F003EBB16 /* AppDelegate.swift */ = {isa = PBXFileReference; lastKnownFileType = sourcecode.swift; path = AppDelegate.swift; sourceTree = "<group>"; };
		ACCA4A8F272EFE6F003EBB16 /* ViewController.swift */ = {isa = PBXFileReference; lastKnownFileType = sourcecode.swift; path = ViewController.swift; sourceTree = "<group>"; };
		ACCA4A92272EFE6F003EBB16 /* Base */ = {isa = PBXFileReference; lastKnownFileType = file.storyboard; name = Base; path = Base.lproj/Main.storyboard; sourceTree = "<group>"; };
		ACCA4A94272EFE71003EBB16 /* Assets.xcassets */ = {isa = PBXFileReference; lastKnownFileType = folder.assetcatalog; path = Assets.xcassets; sourceTree = "<group>"; };
		ACCA4A97272EFE71003EBB16 /* Base */ = {isa = PBXFileReference; lastKnownFileType = file.storyboard; name = Base; path = Base.lproj/LaunchScreen.storyboard; sourceTree = "<group>"; };
		ACCA4A99272EFE71003EBB16 /* Info.plist */ = {isa = PBXFileReference; lastKnownFileType = text.plist.xml; path = Info.plist; sourceTree = "<group>"; };
		ACCA4AA0272EFEB5003EBB16 /* LoginViewController.swift */ = {isa = PBXFileReference; lastKnownFileType = sourcecode.swift; path = LoginViewController.swift; sourceTree = "<group>"; };
		ACCA4AA527308347003EBB16 /* AgregarViewController.swift */ = {isa = PBXFileReference; lastKnownFileType = sourcecode.swift; path = AgregarViewController.swift; sourceTree = "<group>"; };
		ACCA4AA8273083FA003EBB16 /* Modelo.swift */ = {isa = PBXFileReference; lastKnownFileType = sourcecode.swift; path = Modelo.swift; sourceTree = "<group>"; };
/* End PBXFileReference section */

/* Begin PBXFrameworksBuildPhase section */
		ACCA4A85272EFE6F003EBB16 /* Frameworks */ = {
			isa = PBXFrameworksBuildPhase;
			buildActionMask = 2147483647;
			files = (
			);
			runOnlyForDeploymentPostprocessing = 0;
		};
/* End PBXFrameworksBuildPhase section */

/* Begin PBXGroup section */
		ACCA4A7F272EFE6F003EBB16 = {
			isa = PBXGroup;
			children = (
				ACCA4A8A272EFE6F003EBB16 /* app7-login */,
				ACCA4A89272EFE6F003EBB16 /* Products */,
			);
			sourceTree = "<group>";
		};
		ACCA4A89272EFE6F003EBB16 /* Products */ = {
			isa = PBXGroup;
			children = (
				ACCA4A88272EFE6F003EBB16 /* app7-login.app */,
			);
			name = Products;
			sourceTree = "<group>";
		};
		ACCA4A8A272EFE6F003EBB16 /* app7-login */ = {
			isa = PBXGroup;
			children = (
				ACCA4A8B272EFE6F003EBB16 /* AppDelegate.swift */,
				ACCA4A8F272EFE6F003EBB16 /* ViewController.swift */,
				ACCA4A91272EFE6F003EBB16 /* Main.storyboard */,
				ACCA4A94272EFE71003EBB16 /* Assets.xcassets */,
				ACCA4A96272EFE71003EBB16 /* LaunchScreen.storyboard */,
				ACCA4A99272EFE71003EBB16 /* Info.plist */,
				ACCA4AA0272EFEB5003EBB16 /* LoginViewController.swift */,
				ACCA4AA527308347003EBB16 /* AgregarViewController.swift */,
				ACCA4AA8273083FA003EBB16 /* Modelo.swift */,
			);
			path = "app7-login";
			sourceTree = "<group>";
		};
/* End PBXGroup section */

/* Begin PBXNativeTarget section */
		ACCA4A87272EFE6F003EBB16 /* app7-login */ = {
			isa = PBXNativeTarget;
			buildConfigurationList = ACCA4A9C272EFE71003EBB16 /* Build configuration list for PBXNativeTarget "app7-login" */;
			buildPhases = (
				ACCA4A84272EFE6F003EBB16 /* Sources */,
				ACCA4A85272EFE6F003EBB16 /* Frameworks */,
				ACCA4A86272EFE6F003EBB16 /* Resources */,
			);
			buildRules = (
			);
			dependencies = (
			);
			name = "app7-login";
			productName = "app7-login";
			productReference = ACCA4A88272EFE6F003EBB16 /* app7-login.app */;
			productType = "com.apple.product-type.application";
		};
/* End PBXNativeTarget section */

/* Begin PBXProject section */
		ACCA4A80272EFE6F003EBB16 /* Project object */ = {
			isa = PBXProject;
			attributes = {
				LastSwiftUpdateCheck = 1240;
				LastUpgradeCheck = 1240;
				TargetAttributes = {
					ACCA4A87272EFE6F003EBB16 = {
						CreatedOnToolsVersion = 12.4;
					};
				};
			};
			buildConfigurationList = ACCA4A83272EFE6F003EBB16 /* Build configuration list for PBXProject "app7-login" */;
			compatibilityVersion = "Xcode 9.3";
			developmentRegion = en;
			hasScannedForEncodings = 0;
			knownRegions = (
				en,
				Base,
			);
			mainGroup = ACCA4A7F272EFE6F003EBB16;
			productRefGroup = ACCA4A89272EFE6F003EBB16 /* Products */;
			projectDirPath = "";
			projectRoot = "";
			targets = (
				ACCA4A87272EFE6F003EBB16 /* app7-login */,
			);
		};
/* End PBXProject section */

/* Begin PBXResourcesBuildPhase section */
		ACCA4A86272EFE6F003EBB16 /* Resources */ = {
			isa = PBXResourcesBuildPhase;
			buildActionMask = 2147483647;
			files = (
				ACCA4A98272EFE71003EBB16 /* LaunchScreen.storyboard in Resources */,
				ACCA4A95272EFE71003EBB16 /* Assets.xcassets in Resources */,
				ACCA4A93272EFE6F003EBB16 /* Main.storyboard in Resources */,
			);
			runOnlyForDeploymentPostprocessing = 0;
		};
/* End PBXResourcesBuildPhase section */

/* Begin PBXSourcesBuildPhase section */
		ACCA4A84272EFE6F003EBB16 /* Sources */ = {
			isa = PBXSourcesBuildPhase;
			buildActionMask = 2147483647;
			files = (
				ACCA4AA1272EFEB5003EBB16 /* LoginViewController.swift in Sources */,
				ACCA4A90272EFE6F003EBB16 /* ViewController.swift in Sources */,
				ACCA4AA627308347003EBB16 /* AgregarViewController.swift in Sources */,
				ACCA4A8C272EFE6F003EBB16 /* AppDelegate.swift in Sources */,
				ACCA4AA9273083FA003EBB16 /* Modelo.swift in Sources */,
			);
			runOnlyForDeploymentPostprocessing = 0;
		};
/* End PBXSourcesBuildPhase section */

/* Begin PBXVariantGroup section */
		ACCA4A91272EFE6F003EBB16 /* Main.storyboard */ = {
			isa = PBXVariantGroup;
			children = (
				ACCA4A92272EFE6F003EBB16 /* Base */,
			);
			name = Main.storyboard;
			sourceTree = "<group>";
		};
		ACCA4A96272EFE71003EBB16 /* LaunchScreen.storyboard */ = {
			isa = PBXVariantGroup;
			children = (
				ACCA4A97272EFE71003EBB16 /* Base */,
			);
			name = LaunchScreen.storyboard;
			sourceTree = "<group>";
		};
/* End PBXVariantGroup section */

/* Begin XCBuildConfiguration section */
		ACCA4A9A272EFE71003EBB16 /* Debug */ = {
			isa = XCBuildConfiguration;
			buildSettings = {
				ALWAYS_SEARCH_USER_PATHS = NO;
				CLANG_ANALYZER_NONNULL = YES;
				CLANG_ANALYZER_NUMBER_OBJECT_CONVERSION = YES_AGGRESSIVE;
				CLANG_CXX_LANGUAGE_STANDARD = "gnu++14";
				CLANG_CXX_LIBRARY = "libc++";
				CLANG_ENABLE_MODULES = YES;
				CLANG_ENABLE_OBJC_ARC = YES;
				CLANG_ENABLE_OBJC_WEAK = YES;
				CLANG_WARN_BLOCK_CAPTURE_AUTORELEASING = YES;
				CLANG_WARN_BOOL_CONVERSION = YES;
				CLANG_WARN_COMMA = YES;
				CLANG_WARN_CONSTANT_CONVERSION = YES;
				CLANG_WARN_DEPRECATED_OBJC_IMPLEMENTATIONS = YES;
				CLANG_WARN_DIRECT_OBJC_ISA_USAGE = YES_ERROR;
				CLANG_WARN_DOCUMENTATION_COMMENTS = YES;
				CLANG_WARN_EMPTY_BODY = YES;
				CLANG_WARN_ENUM_CONVERSION = YES;
				CLANG_WARN_INFINITE_RECURSION = YES;
				CLANG_WARN_INT_CONVERSION = YES;
				CLANG_WARN_NON_LITERAL_NULL_CONVERSION = YES;
				CLANG_WARN_OBJC_IMPLICIT_RETAIN_SELF = YES;
				CLANG_WARN_OBJC_LITERAL_CONVERSION = YES;
				CLANG_WARN_OBJC_ROOT_CLASS = YES_ERROR;
				CLANG_WARN_QUOTED_INCLUDE_IN_FRAMEWORK_HEADER = YES;
				CLANG_WARN_RANGE_LOOP_ANALYSIS = YES;
				CLANG_WARN_STRICT_PROTOTYPES = YES;
				CLANG_WARN_SUSPICIOUS_MOVE = YES;
				CLANG_WARN_UNGUARDED_AVAILABILITY = YES_AGGRESSIVE;
				CLANG_WARN_UNREACHABLE_CODE = YES;
				CLANG_WARN__DUPLICATE_METHOD_MATCH = YES;
				COPY_PHASE_STRIP = NO;
				DEBUG_INFORMATION_FORMAT = dwarf;
				ENABLE_STRICT_OBJC_MSGSEND = YES;
				ENABLE_TESTABILITY = YES;
				GCC_C_LANGUAGE_STANDARD = gnu11;
				GCC_DYNAMIC_NO_PIC = NO;
				GCC_NO_COMMON_BLOCKS = YES;
				GCC_OPTIMIZATION_LEVEL = 0;
				GCC_PREPROCESSOR_DEFINITIONS = (
					"DEBUG=1",
					"$(inherited)",
				);
				GCC_WARN_64_TO_32_BIT_CONVERSION = YES;
				GCC_WARN_ABOUT_RETURN_TYPE = YES_ERROR;
				GCC_WARN_UNDECLARED_SELECTOR = YES;
				GCC_WARN_UNINITIALIZED_AUTOS = YES_AGGRESSIVE;
				GCC_WARN_UNUSED_FUNCTION = YES;
				GCC_WARN_UNUSED_VARIABLE = YES;
				IPHONEOS_DEPLOYMENT_TARGET = 14.4;
				MTL_ENABLE_DEBUG_INFO = INCLUDE_SOURCE;
				MTL_FAST_MATH = YES;
				ONLY_ACTIVE_ARCH = YES;
				SDKROOT = iphoneos;
				SWIFT_ACTIVE_COMPILATION_CONDITIONS = DEBUG;
				SWIFT_OPTIMIZATION_LEVEL = "-Onone";
			};
			name = Debug;
		};
		ACCA4A9B272EFE71003EBB16 /* Release */ = {
			isa = XCBuildConfiguration;
			buildSettings = {
				ALWAYS_SEARCH_USER_PATHS = NO;
				CLANG_ANALYZER_NONNULL = YES;
				CLANG_ANALYZER_NUMBER_OBJECT_CONVERSION = YES_AGGRESSIVE;
				CLANG_CXX_LANGUAGE_STANDARD = "gnu++14";
				CLANG_CXX_LIBRARY = "libc++";
				CLANG_ENABLE_MODULES = YES;
				CLANG_ENABLE_OBJC_ARC = YES;
				CLANG_ENABLE_OBJC_WEAK = YES;
				CLANG_WARN_BLOCK_CAPTURE_AUTORELEASING = YES;
				CLANG_WARN_BOOL_CONVERSION = YES;
				CLANG_WARN_COMMA = YES;
				CLANG_WARN_CONSTANT_CONVERSION = YES;
				CLANG_WARN_DEPRECATED_OBJC_IMPLEMENTATIONS = YES;
				CLANG_WARN_DIRECT_OBJC_ISA_USAGE = YES_ERROR;
				CLANG_WARN_DOCUMENTATION_COMMENTS = YES;
				CLANG_WARN_EMPTY_BODY = YES;
				CLANG_WARN_ENUM_CONVERSION = YES;
				CLANG_WARN_INFINITE_RECURSION = YES;
				CLANG_WARN_INT_CONVERSION = YES;
				CLANG_WARN_NON_LITERAL_NULL_CONVERSION = YES;
				CLANG_WARN_OBJC_IMPLICIT_RETAIN_SELF = YES;
				CLANG_WARN_OBJC_LITERAL_CONVERSION = YES;
				CLANG_WARN_OBJC_ROOT_CLASS = YES_ERROR;
				CLANG_WARN_QUOTED_INCLUDE_IN_FRAMEWORK_HEADER = YES;
				CLANG_WARN_RANGE_LOOP_ANALYSIS = YES;
				CLANG_WARN_STRICT_PROTOTYPES = YES;
				CLANG_WARN_SUSPICIOUS_MOVE = YES;
				CLANG_WARN_UNGUARDED_AVAILABILITY = YES_AGGRESSIVE;
				CLANG_WARN_UNREACHABLE_CODE = YES;
				CLANG_WARN__DUPLICATE_METHOD_MATCH = YES;
				COPY_PHASE_STRIP = NO;
				DEBUG_INFORMATION_FORMAT = "dwarf-with-dsym";
				ENABLE_NS_ASSERTIONS = NO;
				ENABLE_STRICT_OBJC_MSGSEND = YES;
				GCC_C_LANGUAGE_STANDARD = gnu11;
				GCC_NO_COMMON_BLOCKS = YES;
				GCC_WARN_64_TO_32_BIT_CONVERSION = YES;
				GCC_WARN_ABOUT_RETURN_TYPE = YES_ERROR;
				GCC_WARN_UNDECLARED_SELECTOR = YES;
				GCC_WARN_UNINITIALIZED_AUTOS = YES_AGGRESSIVE;
				GCC_WARN_UNUSED_FUNCTION = YES;
				GCC_WARN_UNUSED_VARIABLE = YES;
				IPHONEOS_DEPLOYMENT_TARGET = 14.4;
				MTL_ENABLE_DEBUG_INFO = NO;
				MTL_FAST_MATH = YES;
				SDKROOT = iphoneos;
				SWIFT_COMPILATION_MODE = wholemodule;
				SWIFT_OPTIMIZATION_LEVEL = "-O";
				VALIDATE_PRODUCT = YES;
			};
			name = Release;
		};
		ACCA4A9D272EFE71003EBB16 /* Debug */ = {
			isa = XCBuildConfiguration;
			buildSettings = {
				ASSETCATALOG_COMPILER_APPICON_NAME = AppIcon;
				ASSETCATALOG_COMPILER_GLOBAL_ACCENT_COLOR_NAME = AccentColor;
				CODE_SIGN_STYLE = Automatic;
				INFOPLIST_FILE = "app7-login/Info.plist";
				LD_RUNPATH_SEARCH_PATHS = (
					"$(inherited)",
					"@executable_path/Frameworks",
				);
				PRODUCT_BUNDLE_IDENTIFIER = "MarioTorresE.app7-login";
				PRODUCT_NAME = "$(TARGET_NAME)";
				SWIFT_VERSION = 5.0;
				TARGETED_DEVICE_FAMILY = "1,2";
			};
			name = Debug;
		};
		ACCA4A9E272EFE71003EBB16 /* Release */ = {
			isa = XCBuildConfiguration;
			buildSettings = {
				ASSETCATALOG_COMPILER_APPICON_NAME = AppIcon;
				ASSETCATALOG_COMPILER_GLOBAL_ACCENT_COLOR_NAME = AccentColor;
				CODE_SIGN_STYLE = Automatic;
				INFOPLIST_FILE = "app7-login/Info.plist";
				LD_RUNPATH_SEARCH_PATHS = (
					"$(inherited)",
					"@executable_path/Frameworks",
				);
				PRODUCT_BUNDLE_IDENTIFIER = "MarioTorresE.app7-login";
				PRODUCT_NAME = "$(TARGET_NAME)";
				SWIFT_VERSION = 5.0;
				TARGETED_DEVICE_FAMILY = "1,2";
			};
			name = Release;
		};
/* End XCBuildConfiguration section */

/* Begin XCConfigurationList section */
		ACCA4A83272EFE6F003EBB16 /* Build configuration list for PBXProject "app7-login" */ = {
			isa = XCConfigurationList;
			buildConfigurations = (
				ACCA4A9A272EFE71003EBB16 /* Debug */,
				ACCA4A9B272EFE71003EBB16 /* Release */,
			);
			defaultConfigurationIsVisible = 0;
			defaultConfigurationName = Release;
		};
		ACCA4A9C272EFE71003EBB16 /* Build configuration list for PBXNativeTarget "app7-login" */ = {
			isa = XCConfigurationList;
			buildConfigurations = (
				ACCA4A9D272EFE71003EBB16 /* Debug */,
				ACCA4A9E272EFE71003EBB16 /* Release */,
			);
			defaultConfigurationIsVisible = 0;
			defaultConfigurationName = Release;
		};
/* End XCConfigurationList section */
	};
	rootObject = ACCA4A80272EFE6F003EBB16 /* Project object */;
}
